
Microsoft Visual Studio Solution File, Format Version 12.00
# Visual Studio Version 17
VisualStudioVersion = 17.4.32804.182
MinimumVisualStudioVersion = 10.0.40219.1
Project("{9A19103F-16F7-4668-BE54-9A1E7A4F7556}") = "OperationStacked", "OperationStacked\OperationStacked.csproj", "{760E40BB-0323-4D3D-A927-156EDCD54ADF}"
EndProject
Project("{9A19103F-16F7-4668-BE54-9A1E7A4F7556}") = "OperationStackedTests", "OperationStackedTests\OperationStackedTests.csproj", "{DA2F37BF-4722-4C2F-9697-D2F5797B7D33}"
EndProject
Project("{E53339B2-1760-4266-BCC7-CA923CBCF16C}") = "docker-compose", "docker-compose.dcproj", "{AACAD630-7C13-4971-9CA2-4088996B58EF}"
EndProject
Global
	GlobalSection(SolutionConfigurationPlatforms) = preSolution
		Debug|Any CPU = Debug|Any CPU
		Release|Any CPU = Release|Any CPU
	EndGlobalSection
	GlobalSection(ProjectConfigurationPlatforms) = postSolution
		{760E40BB-0323-4D3D-A927-156EDCD54ADF}.Debug|Any CPU.ActiveCfg = Debug|Any CPU
		{760E40BB-0323-4D3D-A927-156EDCD54ADF}.Debug|Any CPU.Build.0 = Debug|Any CPU
		{760E40BB-0323-4D3D-A927-156EDCD54ADF}.Release|Any CPU.ActiveCfg = Release|Any CPU
		{760E40BB-0323-4D3D-A927-156EDCD54ADF}.Release|Any CPU.Build.0 = Release|Any CPU
		{DA2F37BF-4722-4C2F-9697-D2F5797B7D33}.Debug|Any CPU.ActiveCfg = Debug|Any CPU
		{DA2F37BF-4722-4C2F-9697-D2F5797B7D33}.Debug|Any CPU.Build.0 = Debug|Any CPU
		{DA2F37BF-4722-4C2F-9697-D2F5797B7D33}.Release|Any CPU.ActiveCfg = Release|Any CPU
		{DA2F37BF-4722-4C2F-9697-D2F5797B7D33}.Release|Any CPU.Build.0 = Release|Any CPU
		{AACAD630-7C13-4971-9CA2-4088996B58EF}.Debug|Any CPU.ActiveCfg = Debug|Any CPU
		{AACAD630-7C13-4971-9CA2-4088996B58EF}.Debug|Any CPU.Build.0 = Debug|Any CPU
		{AACAD630-7C13-4971-9CA2-4088996B58EF}.Release|Any CPU.ActiveCfg = Release|Any CPU
		{AACAD630-7C13-4971-9CA2-4088996B58EF}.Release|Any CPU.Build.0 = Release|Any CPU
	EndGlobalSection
	GlobalSection(SolutionProperties) = preSolution
		HideSolutionNode = FALSE
	EndGlobalSection
	GlobalSection(ExtensibilityGlobals) = postSolution
		SolutionGuid = {32886A69-5EDA-4B25-B42F-C40E57E375C2}
	EndGlobalSection
EndGlobal
